
Microsoft Visual Studio Solution File, Format Version 12.00
# Visual Studio Version 17
VisualStudioVersion = 17.12.35506.116
MinimumVisualStudioVersion = 10.0.40219.1
Project("{FAE04EC0-301F-11D3-BF4B-00C04F79EFBC}") = "CrudOperationsApi", "CrudOperationsApi\CrudOperationsApi.csproj", "{36B5C195-7404-4CE5-902C-AA0E9500DE04}"
EndProject
Project("{FAE04EC0-301F-11D3-BF4B-00C04F79EFBC}") = "WebAPI_Practice", "WebAPI\WebAPI_Practice.csproj", "{27275255-7BAA-4C20-9F17-DE816E8F9952}"
EndProject
Project("{FAE04EC0-301F-11D3-BF4B-00C04F79EFBC}") = "WebAPIStoredProcedure", "WebAPI - Copy\WebAPIStoredProcedure.csproj", "{47318608-0A7D-43B0-B44E-CB2598772755}"
EndProject
Project("{FAE04EC0-301F-11D3-BF4B-00C04F79EFBC}") = "WebAPIPaginated", "WebAPIPaginated\WebAPIPaginated.csproj", "{AA4B29BC-5B89-4D00-AC58-2828339FFB87}"
EndProject
Global
	GlobalSection(SolutionConfigurationPlatforms) = preSolution
		Debug|Any CPU = Debug|Any CPU
		Release|Any CPU = Release|Any CPU
	EndGlobalSection
	GlobalSection(ProjectConfigurationPlatforms) = postSolution
		{36B5C195-7404-4CE5-902C-AA0E9500DE04}.Debug|Any CPU.ActiveCfg = Debug|Any CPU
		{36B5C195-7404-4CE5-902C-AA0E9500DE04}.Debug|Any CPU.Build.0 = Debug|Any CPU
		{36B5C195-7404-4CE5-902C-AA0E9500DE04}.Release|Any CPU.ActiveCfg = Release|Any CPU
		{36B5C195-7404-4CE5-902C-AA0E9500DE04}.Release|Any CPU.Build.0 = Release|Any CPU
		{27275255-7BAA-4C20-9F17-DE816E8F9952}.Debug|Any CPU.ActiveCfg = Debug|Any CPU
		{27275255-7BAA-4C20-9F17-DE816E8F9952}.Debug|Any CPU.Build.0 = Debug|Any CPU
		{27275255-7BAA-4C20-9F17-DE816E8F9952}.Release|Any CPU.ActiveCfg = Release|Any CPU
		{27275255-7BAA-4C20-9F17-DE816E8F9952}.Release|Any CPU.Build.0 = Release|Any CPU
		{47318608-0A7D-43B0-B44E-CB2598772755}.Debug|Any CPU.ActiveCfg = Debug|Any CPU
		{47318608-0A7D-43B0-B44E-CB2598772755}.Debug|Any CPU.Build.0 = Debug|Any CPU
		{47318608-0A7D-43B0-B44E-CB2598772755}.Release|Any CPU.ActiveCfg = Release|Any CPU
		{47318608-0A7D-43B0-B44E-CB2598772755}.Release|Any CPU.Build.0 = Release|Any CPU
		{AA4B29BC-5B89-4D00-AC58-2828339FFB87}.Debug|Any CPU.ActiveCfg = Debug|Any CPU
		{AA4B29BC-5B89-4D00-AC58-2828339FFB87}.Debug|Any CPU.Build.0 = Debug|Any CPU
		{AA4B29BC-5B89-4D00-AC58-2828339FFB87}.Release|Any CPU.ActiveCfg = Release|Any CPU
		{AA4B29BC-5B89-4D00-AC58-2828339FFB87}.Release|Any CPU.Build.0 = Release|Any CPU
	EndGlobalSection
	GlobalSection(SolutionProperties) = preSolution
		HideSolutionNode = FALSE
	EndGlobalSection
EndGlobal
